// !$*UTF8*$!
{
	archiveVersion = 1;
	classes = {
	};
	objectVersion = 50;
	objects = {

/* Begin PBXBuildFile section */
		4729666D2357D4D000D3EBF4 /* UIImage+CircularImage.swift in Sources */ = {isa = PBXBuildFile; fileRef = 4729666C2357D4D000D3EBF4 /* UIImage+CircularImage.swift */; };
		4729667223590C5A00D3EBF4 /* CollectionViewCell.swift in Sources */ = {isa = PBXBuildFile; fileRef = 4729667023590C5A00D3EBF4 /* CollectionViewCell.swift */; };
		4729667323590C5A00D3EBF4 /* CollectionViewCell.xib in Resources */ = {isa = PBXBuildFile; fileRef = 4729667123590C5A00D3EBF4 /* CollectionViewCell.xib */; };
		4729667523590F7400D3EBF4 /* UICollectionView+Reuseable.swift in Sources */ = {isa = PBXBuildFile; fileRef = 4729667423590F7400D3EBF4 /* UICollectionView+Reuseable.swift */; };
		472E5D51235D350D00E72660 /* CoreDataTests.swift in Sources */ = {isa = PBXBuildFile; fileRef = 472E5D50235D350D00E72660 /* CoreDataTests.swift */; };
		472E5D55235E0BC300E72660 /* PersistentStoreTests.swift in Sources */ = {isa = PBXBuildFile; fileRef = 472E5D54235E0BC300E72660 /* PersistentStoreTests.swift */; };
		472E5D5B235E218800E72660 /* bubble.jpg in Resources */ = {isa = PBXBuildFile; fileRef = 472E5D59235E218700E72660 /* bubble.jpg */; };
		472E5D5C235E218800E72660 /* tunnel.jpg in Resources */ = {isa = PBXBuildFile; fileRef = 472E5D5A235E218800E72660 /* tunnel.jpg */; };
		474A03BB234FC31800F607B0 /* ViewController.swift in Sources */ = {isa = PBXBuildFile; fileRef = 474A03BA234FC31800F607B0 /* ViewController.swift */; };
		474A03BE234FC31800F607B0 /* Main.storyboard in Resources */ = {isa = PBXBuildFile; fileRef = 474A03BC234FC31800F607B0 /* Main.storyboard */; };
		474A03C1234FC31800F607B0 /* CodingChallenge_500px.xcdatamodeld in Sources */ = {isa = PBXBuildFile; fileRef = 474A03BF234FC31800F607B0 /* CodingChallenge_500px.xcdatamodeld */; };
		474A03C3234FC31A00F607B0 /* Assets.xcassets in Resources */ = {isa = PBXBuildFile; fileRef = 474A03C2234FC31A00F607B0 /* Assets.xcassets */; };
		474A03C6234FC31A00F607B0 /* LaunchScreen.storyboard in Resources */ = {isa = PBXBuildFile; fileRef = 474A03C4234FC31A00F607B0 /* LaunchScreen.storyboard */; };
		474A03E7234FDCB600F607B0 /* ProjectResource.swift in Sources */ = {isa = PBXBuildFile; fileRef = 474A03E6234FDCB600F607B0 /* ProjectResource.swift */; };
		474A03EB234FDE1000F607B0 /* Request.swift in Sources */ = {isa = PBXBuildFile; fileRef = 474A03E9234FDE1000F607B0 /* Request.swift */; };
		474A03EC234FDE1000F607B0 /* Response.swift in Sources */ = {isa = PBXBuildFile; fileRef = 474A03EA234FDE1000F607B0 /* Response.swift */; };
		474A03F1234FDE5000F607B0 /* API.swift in Sources */ = {isa = PBXBuildFile; fileRef = 474A03EE234FDE5000F607B0 /* API.swift */; };
		474A03F2234FDE5000F607B0 /* API+Endpoint.swift in Sources */ = {isa = PBXBuildFile; fileRef = 474A03EF234FDE5000F607B0 /* API+Endpoint.swift */; };
		474A03F3234FDE5000F607B0 /* API+Version.swift in Sources */ = {isa = PBXBuildFile; fileRef = 474A03F0234FDE5000F607B0 /* API+Version.swift */; };
		474A03F7234FDE8C00F607B0 /* ResourceParameter+Photos.swift in Sources */ = {isa = PBXBuildFile; fileRef = 474A03F5234FDE8C00F607B0 /* ResourceParameter+Photos.swift */; };
		474A03F8234FDE8C00F607B0 /* ResourceParameter.swift in Sources */ = {isa = PBXBuildFile; fileRef = 474A03F6234FDE8C00F607B0 /* ResourceParameter.swift */; };
		474A03FE23502BD400F607B0 /* CoreDataStack.swift in Sources */ = {isa = PBXBuildFile; fileRef = 474A03FD23502BD400F607B0 /* CoreDataStack.swift */; };
		474A04012350329900F607B0 /* Photos.swift in Sources */ = {isa = PBXBuildFile; fileRef = 474A04002350329900F607B0 /* Photos.swift */; };
		474A0404235037EA00F607B0 /* Photo+CoreDataClass.swift in Sources */ = {isa = PBXBuildFile; fileRef = 474A0402235037EA00F607B0 /* Photo+CoreDataClass.swift */; };
		474A0405235037EA00F607B0 /* Photo+CoreDataProperties.swift in Sources */ = {isa = PBXBuildFile; fileRef = 474A0403235037EA00F607B0 /* Photo+CoreDataProperties.swift */; };
		474A04072350CDCC00F607B0 /* NSFetchRequest+Builder.swift in Sources */ = {isa = PBXBuildFile; fileRef = 474A04062350CDCC00F607B0 /* NSFetchRequest+Builder.swift */; };
		474A04122351175B00F607B0 /* User+CoreDataClass.swift in Sources */ = {isa = PBXBuildFile; fileRef = 474A04102351175B00F607B0 /* User+CoreDataClass.swift */; };
		474A04132351175B00F607B0 /* User+CoreDataProperties.swift in Sources */ = {isa = PBXBuildFile; fileRef = 474A04112351175B00F607B0 /* User+CoreDataProperties.swift */; };
		474A041523511F5400F607B0 /* CoreData+Decode.swift in Sources */ = {isa = PBXBuildFile; fileRef = 474A041423511F5400F607B0 /* CoreData+Decode.swift */; };
		474A041623512BA300F607B0 /* AppDelegate.swift in Sources */ = {isa = PBXBuildFile; fileRef = 474A03B6234FC31800F607B0 /* AppDelegate.swift */; };
		474A041723512DB200F607B0 /* SceneDelegate.swift in Sources */ = {isa = PBXBuildFile; fileRef = 474A03B8234FC31800F607B0 /* SceneDelegate.swift */; };
		474A041923524A3600F607B0 /* NSManagedObjectContext+Builder.swift in Sources */ = {isa = PBXBuildFile; fileRef = 474A041823524A3600F607B0 /* NSManagedObjectContext+Builder.swift */; };
		474A041B23526FFA00F607B0 /* Image.swift in Sources */ = {isa = PBXBuildFile; fileRef = 474A041A23526FFA00F607B0 /* Image.swift */; };
		474A041E235276B600F607B0 /* PersistentStore.swift in Sources */ = {isa = PBXBuildFile; fileRef = 474A041D235276B600F607B0 /* PersistentStore.swift */; };
		474A04282352D45800F607B0 /* ImageCache.swift in Sources */ = {isa = PBXBuildFile; fileRef = 474A04272352D45800F607B0 /* ImageCache.swift */; };
		474A042A2352F3BF00F607B0 /* UIImageView+SetImage.swift in Sources */ = {isa = PBXBuildFile; fileRef = 474A04292352F3BF00F607B0 /* UIImageView+SetImage.swift */; };
		474A042F2353A0F200F607B0 /* ShowcaseViewController.swift in Sources */ = {isa = PBXBuildFile; fileRef = 474A042D2353A0F200F607B0 /* ShowcaseViewController.swift */; };
		474A04302353A0F200F607B0 /* ShowcaseViewController.xib in Resources */ = {isa = PBXBuildFile; fileRef = 474A042E2353A0F200F607B0 /* ShowcaseViewController.xib */; };
		474A04342353A1BD00F607B0 /* DetailViewController.swift in Sources */ = {isa = PBXBuildFile; fileRef = 474A04322353A1BD00F607B0 /* DetailViewController.swift */; };
		474A04352353A1BD00F607B0 /* DetailViewController.xib in Resources */ = {isa = PBXBuildFile; fileRef = 474A04332353A1BD00F607B0 /* DetailViewController.xib */; };
		474A043B2353A57400F607B0 /* UIControl+Builder.swift in Sources */ = {isa = PBXBuildFile; fileRef = 474A043A2353A57400F607B0 /* UIControl+Builder.swift */; };
		474A04422353CA9B00F607B0 /* ShowcaseCollectionViewCell.swift in Sources */ = {isa = PBXBuildFile; fileRef = 474A04362353A24A00F607B0 /* ShowcaseCollectionViewCell.swift */; };
		474A04432353CAAD00F607B0 /* ShowcaseCollectionViewCell.xib in Resources */ = {isa = PBXBuildFile; fileRef = 474A04372353A24A00F607B0 /* ShowcaseCollectionViewCell.xib */; };
		474A04482354FEF300F607B0 /* ShowcaseViewController+DataProvider.swift in Sources */ = {isa = PBXBuildFile; fileRef = 474A04472354FEF300F607B0 /* ShowcaseViewController+DataProvider.swift */; };
		474A044A2355094700F607B0 /* NSBatchDeleteRequest+Builder.swift in Sources */ = {isa = PBXBuildFile; fileRef = 474A04492355094700F607B0 /* NSBatchDeleteRequest+Builder.swift */; };
		47C83B53235A3E71006BE889 /* UITapGestureRecognizer+Builder.swift in Sources */ = {isa = PBXBuildFile; fileRef = 47C83B52235A3E71006BE889 /* UITapGestureRecognizer+Builder.swift */; };
		47C83B57235AD574006BE889 /* UINavigationController+DeviceOrientation.swift in Sources */ = {isa = PBXBuildFile; fileRef = 47C83B56235AD574006BE889 /* UINavigationController+DeviceOrientation.swift */; };
/* End PBXBuildFile section */

/* Begin PBXContainerItemProxy section */
		474A03CD234FC31A00F607B0 /* PBXContainerItemProxy */ = {
			isa = PBXContainerItemProxy;
			containerPortal = 474A03AB234FC31800F607B0 /* Project object */;
			proxyType = 1;
			remoteGlobalIDString = 474A03B2234FC31800F607B0;
			remoteInfo = "CodingChallenge-500px";
		};
/* End PBXContainerItemProxy section */

/* Begin PBXFileReference section */
		4729666C2357D4D000D3EBF4 /* UIImage+CircularImage.swift */ = {isa = PBXFileReference; lastKnownFileType = sourcecode.swift; path = "UIImage+CircularImage.swift"; sourceTree = "<group>"; };
		4729667023590C5A00D3EBF4 /* CollectionViewCell.swift */ = {isa = PBXFileReference; lastKnownFileType = sourcecode.swift; path = CollectionViewCell.swift; sourceTree = "<group>"; };
		4729667123590C5A00D3EBF4 /* CollectionViewCell.xib */ = {isa = PBXFileReference; lastKnownFileType = file.xib; path = CollectionViewCell.xib; sourceTree = "<group>"; };
		4729667423590F7400D3EBF4 /* UICollectionView+Reuseable.swift */ = {isa = PBXFileReference; lastKnownFileType = sourcecode.swift; path = "UICollectionView+Reuseable.swift"; sourceTree = "<group>"; };
		472E5D50235D350D00E72660 /* CoreDataTests.swift */ = {isa = PBXFileReference; lastKnownFileType = sourcecode.swift; path = CoreDataTests.swift; sourceTree = "<group>"; };
		472E5D52235E0BA200E72660 /* ResourceParameterTests.swift */ = {isa = PBXFileReference; lastKnownFileType = sourcecode.swift; path = ResourceParameterTests.swift; sourceTree = "<group>"; };
		472E5D54235E0BC300E72660 /* PersistentStoreTests.swift */ = {isa = PBXFileReference; lastKnownFileType = sourcecode.swift; path = PersistentStoreTests.swift; sourceTree = "<group>"; };
		472E5D59235E218700E72660 /* bubble.jpg */ = {isa = PBXFileReference; lastKnownFileType = image.jpeg; path = bubble.jpg; sourceTree = "<group>"; };
		472E5D5A235E218800E72660 /* tunnel.jpg */ = {isa = PBXFileReference; lastKnownFileType = image.jpeg; path = tunnel.jpg; sourceTree = "<group>"; };
		474A03B3234FC31800F607B0 /* CodingChallenge-500px.app */ = {isa = PBXFileReference; explicitFileType = wrapper.application; includeInIndex = 0; path = "CodingChallenge-500px.app"; sourceTree = BUILT_PRODUCTS_DIR; };
		474A03B6234FC31800F607B0 /* AppDelegate.swift */ = {isa = PBXFileReference; lastKnownFileType = sourcecode.swift; path = AppDelegate.swift; sourceTree = "<group>"; };
		474A03B8234FC31800F607B0 /* SceneDelegate.swift */ = {isa = PBXFileReference; lastKnownFileType = sourcecode.swift; path = SceneDelegate.swift; sourceTree = "<group>"; };
		474A03BA234FC31800F607B0 /* ViewController.swift */ = {isa = PBXFileReference; lastKnownFileType = sourcecode.swift; path = ViewController.swift; sourceTree = "<group>"; };
		474A03BD234FC31800F607B0 /* Base */ = {isa = PBXFileReference; lastKnownFileType = file.storyboard; name = Base; path = Base.lproj/Main.storyboard; sourceTree = "<group>"; };
		474A03C0234FC31800F607B0 /* CodingChallenge_500px.xcdatamodel */ = {isa = PBXFileReference; lastKnownFileType = wrapper.xcdatamodel; path = CodingChallenge_500px.xcdatamodel; sourceTree = "<group>"; };
		474A03C2234FC31A00F607B0 /* Assets.xcassets */ = {isa = PBXFileReference; lastKnownFileType = folder.assetcatalog; path = Assets.xcassets; sourceTree = "<group>"; };
		474A03C5234FC31A00F607B0 /* Base */ = {isa = PBXFileReference; lastKnownFileType = file.storyboard; name = Base; path = Base.lproj/LaunchScreen.storyboard; sourceTree = "<group>"; };
		474A03C7234FC31A00F607B0 /* Info.plist */ = {isa = PBXFileReference; lastKnownFileType = text.plist.xml; path = Info.plist; sourceTree = "<group>"; };
		474A03CC234FC31A00F607B0 /* CodingChallenge-500pxTests.xctest */ = {isa = PBXFileReference; explicitFileType = wrapper.cfbundle; includeInIndex = 0; path = "CodingChallenge-500pxTests.xctest"; sourceTree = BUILT_PRODUCTS_DIR; };
		474A03D2234FC31A00F607B0 /* Info.plist */ = {isa = PBXFileReference; lastKnownFileType = text.plist.xml; path = Info.plist; sourceTree = "<group>"; };
		474A03E6234FDCB600F607B0 /* ProjectResource.swift */ = {isa = PBXFileReference; fileEncoding = 4; lastKnownFileType = sourcecode.swift; path = ProjectResource.swift; sourceTree = "<group>"; };
		474A03E9234FDE1000F607B0 /* Request.swift */ = {isa = PBXFileReference; fileEncoding = 4; lastKnownFileType = sourcecode.swift; path = Request.swift; sourceTree = "<group>"; };
		474A03EA234FDE1000F607B0 /* Response.swift */ = {isa = PBXFileReference; fileEncoding = 4; lastKnownFileType = sourcecode.swift; path = Response.swift; sourceTree = "<group>"; };
		474A03EE234FDE5000F607B0 /* API.swift */ = {isa = PBXFileReference; fileEncoding = 4; lastKnownFileType = sourcecode.swift; path = API.swift; sourceTree = "<group>"; };
		474A03EF234FDE5000F607B0 /* API+Endpoint.swift */ = {isa = PBXFileReference; fileEncoding = 4; lastKnownFileType = sourcecode.swift; path = "API+Endpoint.swift"; sourceTree = "<group>"; };
		474A03F0234FDE5000F607B0 /* API+Version.swift */ = {isa = PBXFileReference; fileEncoding = 4; lastKnownFileType = sourcecode.swift; path = "API+Version.swift"; sourceTree = "<group>"; };
		474A03F5234FDE8C00F607B0 /* ResourceParameter+Photos.swift */ = {isa = PBXFileReference; fileEncoding = 4; lastKnownFileType = sourcecode.swift; path = "ResourceParameter+Photos.swift"; sourceTree = "<group>"; };
		474A03F6234FDE8C00F607B0 /* ResourceParameter.swift */ = {isa = PBXFileReference; fileEncoding = 4; lastKnownFileType = sourcecode.swift; path = ResourceParameter.swift; sourceTree = "<group>"; };
		474A03FA234FDEC500F607B0 /* consumer_key.txt */ = {isa = PBXFileReference; fileEncoding = 4; lastKnownFileType = text; path = consumer_key.txt; sourceTree = "<group>"; };
		474A03FD23502BD400F607B0 /* CoreDataStack.swift */ = {isa = PBXFileReference; lastKnownFileType = sourcecode.swift; path = CoreDataStack.swift; sourceTree = "<group>"; };
		474A04002350329900F607B0 /* Photos.swift */ = {isa = PBXFileReference; lastKnownFileType = sourcecode.swift; path = Photos.swift; sourceTree = "<group>"; };
		474A0402235037EA00F607B0 /* Photo+CoreDataClass.swift */ = {isa = PBXFileReference; lastKnownFileType = sourcecode.swift; path = "Photo+CoreDataClass.swift"; sourceTree = "<group>"; };
		474A0403235037EA00F607B0 /* Photo+CoreDataProperties.swift */ = {isa = PBXFileReference; lastKnownFileType = sourcecode.swift; path = "Photo+CoreDataProperties.swift"; sourceTree = "<group>"; };
		474A04062350CDCC00F607B0 /* NSFetchRequest+Builder.swift */ = {isa = PBXFileReference; lastKnownFileType = sourcecode.swift; path = "NSFetchRequest+Builder.swift"; sourceTree = "<group>"; };
		474A04102351175B00F607B0 /* User+CoreDataClass.swift */ = {isa = PBXFileReference; lastKnownFileType = sourcecode.swift; path = "User+CoreDataClass.swift"; sourceTree = "<group>"; };
		474A04112351175B00F607B0 /* User+CoreDataProperties.swift */ = {isa = PBXFileReference; lastKnownFileType = sourcecode.swift; path = "User+CoreDataProperties.swift"; sourceTree = "<group>"; };
		474A041423511F5400F607B0 /* CoreData+Decode.swift */ = {isa = PBXFileReference; lastKnownFileType = sourcecode.swift; path = "CoreData+Decode.swift"; sourceTree = "<group>"; };
		474A041823524A3600F607B0 /* NSManagedObjectContext+Builder.swift */ = {isa = PBXFileReference; lastKnownFileType = sourcecode.swift; path = "NSManagedObjectContext+Builder.swift"; sourceTree = "<group>"; };
		474A041A23526FFA00F607B0 /* Image.swift */ = {isa = PBXFileReference; lastKnownFileType = sourcecode.swift; path = Image.swift; sourceTree = "<group>"; };
		474A041D235276B600F607B0 /* PersistentStore.swift */ = {isa = PBXFileReference; lastKnownFileType = sourcecode.swift; path = PersistentStore.swift; sourceTree = "<group>"; };
		474A04272352D45800F607B0 /* ImageCache.swift */ = {isa = PBXFileReference; fileEncoding = 4; lastKnownFileType = sourcecode.swift; path = ImageCache.swift; sourceTree = "<group>"; };
		474A04292352F3BF00F607B0 /* UIImageView+SetImage.swift */ = {isa = PBXFileReference; lastKnownFileType = sourcecode.swift; path = "UIImageView+SetImage.swift"; sourceTree = "<group>"; };
		474A042D2353A0F200F607B0 /* ShowcaseViewController.swift */ = {isa = PBXFileReference; lastKnownFileType = sourcecode.swift; path = ShowcaseViewController.swift; sourceTree = "<group>"; };
		474A042E2353A0F200F607B0 /* ShowcaseViewController.xib */ = {isa = PBXFileReference; lastKnownFileType = file.xib; path = ShowcaseViewController.xib; sourceTree = "<group>"; };
		474A04322353A1BD00F607B0 /* DetailViewController.swift */ = {isa = PBXFileReference; lastKnownFileType = sourcecode.swift; path = DetailViewController.swift; sourceTree = "<group>"; };
		474A04332353A1BD00F607B0 /* DetailViewController.xib */ = {isa = PBXFileReference; lastKnownFileType = file.xib; path = DetailViewController.xib; sourceTree = "<group>"; };
		474A04362353A24A00F607B0 /* ShowcaseCollectionViewCell.swift */ = {isa = PBXFileReference; lastKnownFileType = sourcecode.swift; path = ShowcaseCollectionViewCell.swift; sourceTree = "<group>"; };
		474A04372353A24A00F607B0 /* ShowcaseCollectionViewCell.xib */ = {isa = PBXFileReference; lastKnownFileType = file.xib; path = ShowcaseCollectionViewCell.xib; sourceTree = "<group>"; };
		474A043A2353A57400F607B0 /* UIControl+Builder.swift */ = {isa = PBXFileReference; lastKnownFileType = sourcecode.swift; path = "UIControl+Builder.swift"; sourceTree = "<group>"; };
		474A04472354FEF300F607B0 /* ShowcaseViewController+DataProvider.swift */ = {isa = PBXFileReference; lastKnownFileType = sourcecode.swift; path = "ShowcaseViewController+DataProvider.swift"; sourceTree = "<group>"; };
		474A04492355094700F607B0 /* NSBatchDeleteRequest+Builder.swift */ = {isa = PBXFileReference; lastKnownFileType = sourcecode.swift; path = "NSBatchDeleteRequest+Builder.swift"; sourceTree = "<group>"; };
		47C83B52235A3E71006BE889 /* UITapGestureRecognizer+Builder.swift */ = {isa = PBXFileReference; lastKnownFileType = sourcecode.swift; path = "UITapGestureRecognizer+Builder.swift"; sourceTree = "<group>"; };
		47C83B56235AD574006BE889 /* UINavigationController+DeviceOrientation.swift */ = {isa = PBXFileReference; lastKnownFileType = sourcecode.swift; path = "UINavigationController+DeviceOrientation.swift"; sourceTree = "<group>"; };
/* End PBXFileReference section */

/* Begin PBXFrameworksBuildPhase section */
		474A03B0234FC31800F607B0 /* Frameworks */ = {
			isa = PBXFrameworksBuildPhase;
			buildActionMask = 2147483647;
			files = (
			);
			runOnlyForDeploymentPostprocessing = 0;
		};
		474A03C9234FC31A00F607B0 /* Frameworks */ = {
			isa = PBXFrameworksBuildPhase;
			buildActionMask = 2147483647;
			files = (
			);
			runOnlyForDeploymentPostprocessing = 0;
		};
/* End PBXFrameworksBuildPhase section */

/* Begin PBXGroup section */
		4729666E23590C1300D3EBF4 /* Main */ = {
			isa = PBXGroup;
			children = (
				4729666F23590C3900D3EBF4 /* CollectionViewCell */,
				474A03BA234FC31800F607B0 /* ViewController.swift */,
			);
			path = Main;
			sourceTree = "<group>";
		};
		4729666F23590C3900D3EBF4 /* CollectionViewCell */ = {
			isa = PBXGroup;
			children = (
				4729667023590C5A00D3EBF4 /* CollectionViewCell.swift */,
				4729667123590C5A00D3EBF4 /* CollectionViewCell.xib */,
			);
			path = CollectionViewCell;
			sourceTree = "<group>";
		};
		472E5D58235E217E00E72660 /* Resources */ = {
			isa = PBXGroup;
			children = (
				472E5D59235E218700E72660 /* bubble.jpg */,
				472E5D5A235E218800E72660 /* tunnel.jpg */,
			);
			path = Resources;
			sourceTree = "<group>";
		};
		474A03AA234FC31800F607B0 = {
			isa = PBXGroup;
			children = (
				474A03B5234FC31800F607B0 /* CodingChallenge-500px */,
				474A03CF234FC31A00F607B0 /* CodingChallenge-500pxTests */,
				474A03B4234FC31800F607B0 /* Products */,
			);
			sourceTree = "<group>";
		};
		474A03B4234FC31800F607B0 /* Products */ = {
			isa = PBXGroup;
			children = (
				474A03B3234FC31800F607B0 /* CodingChallenge-500px.app */,
				474A03CC234FC31A00F607B0 /* CodingChallenge-500pxTests.xctest */,
			);
			name = Products;
			sourceTree = "<group>";
		};
		474A03B5234FC31800F607B0 /* CodingChallenge-500px */ = {
			isa = PBXGroup;
			children = (
				47C83B55235AD53C006BE889 /* SupportedOrientation */,
				474A042B2353A07300F607B0 /* ViewControllers */,
				474A041F2352CC9400F607B0 /* ImageCache */,
				474A041C235276A700F607B0 /* PersistentStore */,
				474A03FC23502BB000F607B0 /* CoreData */,
				474A03E8234FDDD300F607B0 /* Networking */,
				474A03E5234FDC6100F607B0 /* Utilities */,
				474A03B6234FC31800F607B0 /* AppDelegate.swift */,
				474A03B8234FC31800F607B0 /* SceneDelegate.swift */,
				474A03BC234FC31800F607B0 /* Main.storyboard */,
				474A03C2234FC31A00F607B0 /* Assets.xcassets */,
				474A03C4234FC31A00F607B0 /* LaunchScreen.storyboard */,
				474A03C7234FC31A00F607B0 /* Info.plist */,
				474A03BF234FC31800F607B0 /* CodingChallenge_500px.xcdatamodeld */,
			);
			path = "CodingChallenge-500px";
			sourceTree = "<group>";
		};
		474A03CF234FC31A00F607B0 /* CodingChallenge-500pxTests */ = {
			isa = PBXGroup;
			children = (
				472E5D54235E0BC300E72660 /* PersistentStoreTests.swift */,
				472E5D50235D350D00E72660 /* CoreDataTests.swift */,
				472E5D58235E217E00E72660 /* Resources */,
				474A03D2234FC31A00F607B0 /* Info.plist */,
				472E5D52235E0BA200E72660 /* ResourceParameterTests.swift */,
			);
			path = "CodingChallenge-500pxTests";
			sourceTree = "<group>";
		};
		474A03E5234FDC6100F607B0 /* Utilities */ = {
			isa = PBXGroup;
			children = (
				474A03EA234FDE1000F607B0 /* Response.swift */,
				474A03E6234FDCB600F607B0 /* ProjectResource.swift */,
				474A043A2353A57400F607B0 /* UIControl+Builder.swift */,
				4729666C2357D4D000D3EBF4 /* UIImage+CircularImage.swift */,
				4729667423590F7400D3EBF4 /* UICollectionView+Reuseable.swift */,
				47C83B52235A3E71006BE889 /* UITapGestureRecognizer+Builder.swift */,
			);
			path = Utilities;
			sourceTree = "<group>";
		};
		474A03E8234FDDD300F607B0 /* Networking */ = {
			isa = PBXGroup;
			children = (
				474A03F9234FDEBA00F607B0 /* ConsumerKey */,
				474A03F4234FDE7E00F607B0 /* ResourceParameter */,
				474A03ED234FDE4100F607B0 /* API */,
				474A03E9234FDE1000F607B0 /* Request.swift */,
			);
			path = Networking;
			sourceTree = "<group>";
		};
		474A03ED234FDE4100F607B0 /* API */ = {
			isa = PBXGroup;
			children = (
				474A03EE234FDE5000F607B0 /* API.swift */,
				474A03EF234FDE5000F607B0 /* API+Endpoint.swift */,
				474A03F0234FDE5000F607B0 /* API+Version.swift */,
			);
			path = API;
			sourceTree = "<group>";
		};
		474A03F4234FDE7E00F607B0 /* ResourceParameter */ = {
			isa = PBXGroup;
			children = (
				474A03F6234FDE8C00F607B0 /* ResourceParameter.swift */,
				474A03F5234FDE8C00F607B0 /* ResourceParameter+Photos.swift */,
			);
			path = ResourceParameter;
			sourceTree = "<group>";
		};
		474A03F9234FDEBA00F607B0 /* ConsumerKey */ = {
			isa = PBXGroup;
			children = (
				474A03FA234FDEC500F607B0 /* consumer_key.txt */,
			);
			path = ConsumerKey;
			sourceTree = "<group>";
		};
		474A03FC23502BB000F607B0 /* CoreData */ = {
			isa = PBXGroup;
			children = (
				474A040F2350FEA200F607B0 /* Decode */,
				474A03FF2350327400F607B0 /* DataModels */,
				474A03FD23502BD400F607B0 /* CoreDataStack.swift */,
				474A04062350CDCC00F607B0 /* NSFetchRequest+Builder.swift */,
				474A041823524A3600F607B0 /* NSManagedObjectContext+Builder.swift */,
				474A04492355094700F607B0 /* NSBatchDeleteRequest+Builder.swift */,
			);
			path = CoreData;
			sourceTree = "<group>";
		};
		474A03FF2350327400F607B0 /* DataModels */ = {
			isa = PBXGroup;
			children = (
				474A04102351175B00F607B0 /* User+CoreDataClass.swift */,
				474A04112351175B00F607B0 /* User+CoreDataProperties.swift */,
				474A0402235037EA00F607B0 /* Photo+CoreDataClass.swift */,
				474A0403235037EA00F607B0 /* Photo+CoreDataProperties.swift */,
				474A04002350329900F607B0 /* Photos.swift */,
				474A041A23526FFA00F607B0 /* Image.swift */,
			);
			path = DataModels;
			sourceTree = "<group>";
		};
		474A040F2350FEA200F607B0 /* Decode */ = {
			isa = PBXGroup;
			children = (
				474A041423511F5400F607B0 /* CoreData+Decode.swift */,
			);
			path = Decode;
			sourceTree = "<group>";
		};
		474A041C235276A700F607B0 /* PersistentStore */ = {
			isa = PBXGroup;
			children = (
				474A041D235276B600F607B0 /* PersistentStore.swift */,
			);
			path = PersistentStore;
			sourceTree = "<group>";
		};
		474A041F2352CC9400F607B0 /* ImageCache */ = {
			isa = PBXGroup;
			children = (
				474A04272352D45800F607B0 /* ImageCache.swift */,
				474A04292352F3BF00F607B0 /* UIImageView+SetImage.swift */,
			);
			path = ImageCache;
			sourceTree = "<group>";
		};
		474A042B2353A07300F607B0 /* ViewControllers */ = {
			isa = PBXGroup;
			children = (
				4729666E23590C1300D3EBF4 /* Main */,
				474A04312353A1A800F607B0 /* Detail */,
				474A042C2353A0C800F607B0 /* Showcase */,
			);
			path = ViewControllers;
			sourceTree = "<group>";
		};
		474A042C2353A0C800F607B0 /* Showcase */ = {
			isa = PBXGroup;
			children = (
				474A04462354FE9300F607B0 /* DataProvider */,
				474A04412353C71D00F607B0 /* CollectionViewCell */,
				474A042D2353A0F200F607B0 /* ShowcaseViewController.swift */,
				474A042E2353A0F200F607B0 /* ShowcaseViewController.xib */,
			);
			path = Showcase;
			sourceTree = "<group>";
		};
		474A04312353A1A800F607B0 /* Detail */ = {
			isa = PBXGroup;
			children = (
				474A04322353A1BD00F607B0 /* DetailViewController.swift */,
				474A04332353A1BD00F607B0 /* DetailViewController.xib */,
			);
			path = Detail;
			sourceTree = "<group>";
		};
		474A04412353C71D00F607B0 /* CollectionViewCell */ = {
			isa = PBXGroup;
			children = (
				474A04362353A24A00F607B0 /* ShowcaseCollectionViewCell.swift */,
				474A04372353A24A00F607B0 /* ShowcaseCollectionViewCell.xib */,
			);
			path = CollectionViewCell;
			sourceTree = "<group>";
		};
		474A04462354FE9300F607B0 /* DataProvider */ = {
			isa = PBXGroup;
			children = (
				474A04472354FEF300F607B0 /* ShowcaseViewController+DataProvider.swift */,
			);
			path = DataProvider;
			sourceTree = "<group>";
		};
		47C83B55235AD53C006BE889 /* SupportedOrientation */ = {
			isa = PBXGroup;
			children = (
				47C83B56235AD574006BE889 /* UINavigationController+DeviceOrientation.swift */,
			);
			path = SupportedOrientation;
			sourceTree = "<group>";
		};
/* End PBXGroup section */

/* Begin PBXNativeTarget section */
		474A03B2234FC31800F607B0 /* CodingChallenge-500px */ = {
			isa = PBXNativeTarget;
			buildConfigurationList = 474A03D5234FC31A00F607B0 /* Build configuration list for PBXNativeTarget "CodingChallenge-500px" */;
			buildPhases = (
				474A03AF234FC31800F607B0 /* Sources */,
				474A03B0234FC31800F607B0 /* Frameworks */,
				474A03B1234FC31800F607B0 /* Resources */,
			);
			buildRules = (
			);
			dependencies = (
			);
			name = "CodingChallenge-500px";
			productName = "CodingChallenge-500px";
			productReference = 474A03B3234FC31800F607B0 /* CodingChallenge-500px.app */;
			productType = "com.apple.product-type.application";
		};
		474A03CB234FC31A00F607B0 /* CodingChallenge-500pxTests */ = {
			isa = PBXNativeTarget;
			buildConfigurationList = 474A03D8234FC31A00F607B0 /* Build configuration list for PBXNativeTarget "CodingChallenge-500pxTests" */;
			buildPhases = (
				474A03C8234FC31A00F607B0 /* Sources */,
				474A03C9234FC31A00F607B0 /* Frameworks */,
				474A03CA234FC31A00F607B0 /* Resources */,
			);
			buildRules = (
			);
			dependencies = (
				474A03CE234FC31A00F607B0 /* PBXTargetDependency */,
			);
			name = "CodingChallenge-500pxTests";
			productName = "CodingChallenge-500pxTests";
			productReference = 474A03CC234FC31A00F607B0 /* CodingChallenge-500pxTests.xctest */;
			productType = "com.apple.product-type.bundle.unit-test";
		};
/* End PBXNativeTarget section */

/* Begin PBXProject section */
		474A03AB234FC31800F607B0 /* Project object */ = {
			isa = PBXProject;
			attributes = {
				LastSwiftUpdateCheck = 1110;
				LastUpgradeCheck = 1110;
				ORGANIZATIONNAME = "Hsuan-Chih Chuang";
				TargetAttributes = {
					474A03B2234FC31800F607B0 = {
						CreatedOnToolsVersion = 11.1;
					};
					474A03CB234FC31A00F607B0 = {
						CreatedOnToolsVersion = 11.1;
						TestTargetID = 474A03B2234FC31800F607B0;
					};
				};
			};
			buildConfigurationList = 474A03AE234FC31800F607B0 /* Build configuration list for PBXProject "CodingChallenge-500px" */;
			compatibilityVersion = "Xcode 9.3";
			developmentRegion = en;
			hasScannedForEncodings = 0;
			knownRegions = (
				en,
				Base,
			);
			mainGroup = 474A03AA234FC31800F607B0;
			productRefGroup = 474A03B4234FC31800F607B0 /* Products */;
			projectDirPath = "";
			projectRoot = "";
			targets = (
				474A03B2234FC31800F607B0 /* CodingChallenge-500px */,
				474A03CB234FC31A00F607B0 /* CodingChallenge-500pxTests */,
			);
		};
/* End PBXProject section */

/* Begin PBXResourcesBuildPhase section */
		474A03B1234FC31800F607B0 /* Resources */ = {
			isa = PBXResourcesBuildPhase;
			buildActionMask = 2147483647;
			files = (
				474A04432353CAAD00F607B0 /* ShowcaseCollectionViewCell.xib in Resources */,
				474A03C6234FC31A00F607B0 /* LaunchScreen.storyboard in Resources */,
				474A03C3234FC31A00F607B0 /* Assets.xcassets in Resources */,
				474A04352353A1BD00F607B0 /* DetailViewController.xib in Resources */,
				474A03BE234FC31800F607B0 /* Main.storyboard in Resources */,
				4729667323590C5A00D3EBF4 /* CollectionViewCell.xib in Resources */,
				474A04302353A0F200F607B0 /* ShowcaseViewController.xib in Resources */,
			);
			runOnlyForDeploymentPostprocessing = 0;
		};
		474A03CA234FC31A00F607B0 /* Resources */ = {
			isa = PBXResourcesBuildPhase;
			buildActionMask = 2147483647;
			files = (
				472E5D5B235E218800E72660 /* bubble.jpg in Resources */,
				472E5D5C235E218800E72660 /* tunnel.jpg in Resources */,
			);
			runOnlyForDeploymentPostprocessing = 0;
		};
/* End PBXResourcesBuildPhase section */

/* Begin PBXSourcesBuildPhase section */
		474A03AF234FC31800F607B0 /* Sources */ = {
			isa = PBXSourcesBuildPhase;
			buildActionMask = 2147483647;
			files = (
				474A0404235037EA00F607B0 /* Photo+CoreDataClass.swift in Sources */,
				474A03F2234FDE5000F607B0 /* API+Endpoint.swift in Sources */,
				4729667223590C5A00D3EBF4 /* CollectionViewCell.swift in Sources */,
				474A041923524A3600F607B0 /* NSManagedObjectContext+Builder.swift in Sources */,
				474A044A2355094700F607B0 /* NSBatchDeleteRequest+Builder.swift in Sources */,
				474A03E7234FDCB600F607B0 /* ProjectResource.swift in Sources */,
				47C83B57235AD574006BE889 /* UINavigationController+DeviceOrientation.swift in Sources */,
				474A042A2352F3BF00F607B0 /* UIImageView+SetImage.swift in Sources */,
				474A03EB234FDE1000F607B0 /* Request.swift in Sources */,
				474A03BB234FC31800F607B0 /* ViewController.swift in Sources */,
				474A03C1234FC31800F607B0 /* CodingChallenge_500px.xcdatamodeld in Sources */,
				474A04012350329900F607B0 /* Photos.swift in Sources */,
				474A04342353A1BD00F607B0 /* DetailViewController.swift in Sources */,
				474A03FE23502BD400F607B0 /* CoreDataStack.swift in Sources */,
				474A041B23526FFA00F607B0 /* Image.swift in Sources */,
				474A042F2353A0F200F607B0 /* ShowcaseViewController.swift in Sources */,
				474A041623512BA300F607B0 /* AppDelegate.swift in Sources */,
				474A04072350CDCC00F607B0 /* NSFetchRequest+Builder.swift in Sources */,
				474A041523511F5400F607B0 /* CoreData+Decode.swift in Sources */,
				4729666D2357D4D000D3EBF4 /* UIImage+CircularImage.swift in Sources */,
				474A04422353CA9B00F607B0 /* ShowcaseCollectionViewCell.swift in Sources */,
				474A03F8234FDE8C00F607B0 /* ResourceParameter.swift in Sources */,
				474A03F3234FDE5000F607B0 /* API+Version.swift in Sources */,
				47C83B53235A3E71006BE889 /* UITapGestureRecognizer+Builder.swift in Sources */,
				474A043B2353A57400F607B0 /* UIControl+Builder.swift in Sources */,
				474A03F1234FDE5000F607B0 /* API.swift in Sources */,
				474A03F7234FDE8C00F607B0 /* ResourceParameter+Photos.swift in Sources */,
				474A041723512DB200F607B0 /* SceneDelegate.swift in Sources */,
				474A04282352D45800F607B0 /* ImageCache.swift in Sources */,
				474A04132351175B00F607B0 /* User+CoreDataProperties.swift in Sources */,
				474A041E235276B600F607B0 /* PersistentStore.swift in Sources */,
				474A04482354FEF300F607B0 /* ShowcaseViewController+DataProvider.swift in Sources */,
				4729667523590F7400D3EBF4 /* UICollectionView+Reuseable.swift in Sources */,
				474A0405235037EA00F607B0 /* Photo+CoreDataProperties.swift in Sources */,
				474A03EC234FDE1000F607B0 /* Response.swift in Sources */,
				474A04122351175B00F607B0 /* User+CoreDataClass.swift in Sources */,
			);
			runOnlyForDeploymentPostprocessing = 0;
		};
		474A03C8234FC31A00F607B0 /* Sources */ = {
			isa = PBXSourcesBuildPhase;
			buildActionMask = 2147483647;
			files = (
				472E5D51235D350D00E72660 /* CoreDataTests.swift in Sources */,
				472E5D55235E0BC300E72660 /* PersistentStoreTests.swift in Sources */,
			);
			runOnlyForDeploymentPostprocessing = 0;
		};
/* End PBXSourcesBuildPhase section */

/* Begin PBXTargetDependency section */
		474A03CE234FC31A00F607B0 /* PBXTargetDependency */ = {
			isa = PBXTargetDependency;
			target = 474A03B2234FC31800F607B0 /* CodingChallenge-500px */;
			targetProxy = 474A03CD234FC31A00F607B0 /* PBXContainerItemProxy */;
		};
/* End PBXTargetDependency section */

/* Begin PBXVariantGroup section */
		474A03BC234FC31800F607B0 /* Main.storyboard */ = {
			isa = PBXVariantGroup;
			children = (
				474A03BD234FC31800F607B0 /* Base */,
			);
			name = Main.storyboard;
			sourceTree = "<group>";
		};
		474A03C4234FC31A00F607B0 /* LaunchScreen.storyboard */ = {
			isa = PBXVariantGroup;
			children = (
				474A03C5234FC31A00F607B0 /* Base */,
			);
			name = LaunchScreen.storyboard;
			sourceTree = "<group>";
		};
/* End PBXVariantGroup section */

/* Begin XCBuildConfiguration section */
		474A03D3234FC31A00F607B0 /* Debug */ = {
			isa = XCBuildConfiguration;
			buildSettings = {
				ALWAYS_SEARCH_USER_PATHS = NO;
				CLANG_ANALYZER_NONNULL = YES;
				CLANG_ANALYZER_NUMBER_OBJECT_CONVERSION = YES_AGGRESSIVE;
				CLANG_CXX_LANGUAGE_STANDARD = "gnu++14";
				CLANG_CXX_LIBRARY = "libc++";
				CLANG_ENABLE_MODULES = YES;
				CLANG_ENABLE_OBJC_ARC = YES;
				CLANG_ENABLE_OBJC_WEAK = YES;
				CLANG_WARN_BLOCK_CAPTURE_AUTORELEASING = YES;
				CLANG_WARN_BOOL_CONVERSION = YES;
				CLANG_WARN_COMMA = YES;
				CLANG_WARN_CONSTANT_CONVERSION = YES;
				CLANG_WARN_DEPRECATED_OBJC_IMPLEMENTATIONS = YES;
				CLANG_WARN_DIRECT_OBJC_ISA_USAGE = YES_ERROR;
				CLANG_WARN_DOCUMENTATION_COMMENTS = YES;
				CLANG_WARN_EMPTY_BODY = YES;
				CLANG_WARN_ENUM_CONVERSION = YES;
				CLANG_WARN_INFINITE_RECURSION = YES;
				CLANG_WARN_INT_CONVERSION = YES;
				CLANG_WARN_NON_LITERAL_NULL_CONVERSION = YES;
				CLANG_WARN_OBJC_IMPLICIT_RETAIN_SELF = YES;
				CLANG_WARN_OBJC_LITERAL_CONVERSION = YES;
				CLANG_WARN_OBJC_ROOT_CLASS = YES_ERROR;
				CLANG_WARN_RANGE_LOOP_ANALYSIS = YES;
				CLANG_WARN_STRICT_PROTOTYPES = YES;
				CLANG_WARN_SUSPICIOUS_MOVE = YES;
				CLANG_WARN_UNGUARDED_AVAILABILITY = YES_AGGRESSIVE;
				CLANG_WARN_UNREACHABLE_CODE = YES;
				CLANG_WARN__DUPLICATE_METHOD_MATCH = YES;
				COPY_PHASE_STRIP = NO;
				DEBUG_INFORMATION_FORMAT = dwarf;
				ENABLE_STRICT_OBJC_MSGSEND = YES;
				ENABLE_TESTABILITY = YES;
				GCC_C_LANGUAGE_STANDARD = gnu11;
				GCC_DYNAMIC_NO_PIC = NO;
				GCC_NO_COMMON_BLOCKS = YES;
				GCC_OPTIMIZATION_LEVEL = 0;
				GCC_PREPROCESSOR_DEFINITIONS = (
					"DEBUG=1",
					"$(inherited)",
				);
				GCC_WARN_64_TO_32_BIT_CONVERSION = YES;
				GCC_WARN_ABOUT_RETURN_TYPE = YES_ERROR;
				GCC_WARN_UNDECLARED_SELECTOR = YES;
				GCC_WARN_UNINITIALIZED_AUTOS = YES_AGGRESSIVE;
				GCC_WARN_UNUSED_FUNCTION = YES;
				GCC_WARN_UNUSED_VARIABLE = YES;
				IPHONEOS_DEPLOYMENT_TARGET = 13.1;
				MTL_ENABLE_DEBUG_INFO = INCLUDE_SOURCE;
				MTL_FAST_MATH = YES;
				ONLY_ACTIVE_ARCH = YES;
				SDKROOT = iphoneos;
				SWIFT_ACTIVE_COMPILATION_CONDITIONS = DEBUG;
				SWIFT_OPTIMIZATION_LEVEL = "-Onone";
			};
			name = Debug;
		};
		474A03D4234FC31A00F607B0 /* Release */ = {
			isa = XCBuildConfiguration;
			buildSettings = {
				ALWAYS_SEARCH_USER_PATHS = NO;
				CLANG_ANALYZER_NONNULL = YES;
				CLANG_ANALYZER_NUMBER_OBJECT_CONVERSION = YES_AGGRESSIVE;
				CLANG_CXX_LANGUAGE_STANDARD = "gnu++14";
				CLANG_CXX_LIBRARY = "libc++";
				CLANG_ENABLE_MODULES = YES;
				CLANG_ENABLE_OBJC_ARC = YES;
				CLANG_ENABLE_OBJC_WEAK = YES;
				CLANG_WARN_BLOCK_CAPTURE_AUTORELEASING = YES;
				CLANG_WARN_BOOL_CONVERSION = YES;
				CLANG_WARN_COMMA = YES;
				CLANG_WARN_CONSTANT_CONVERSION = YES;
				CLANG_WARN_DEPRECATED_OBJC_IMPLEMENTATIONS = YES;
				CLANG_WARN_DIRECT_OBJC_ISA_USAGE = YES_ERROR;
				CLANG_WARN_DOCUMENTATION_COMMENTS = YES;
				CLANG_WARN_EMPTY_BODY = YES;
				CLANG_WARN_ENUM_CONVERSION = YES;
				CLANG_WARN_INFINITE_RECURSION = YES;
				CLANG_WARN_INT_CONVERSION = YES;
				CLANG_WARN_NON_LITERAL_NULL_CONVERSION = YES;
				CLANG_WARN_OBJC_IMPLICIT_RETAIN_SELF = YES;
				CLANG_WARN_OBJC_LITERAL_CONVERSION = YES;
				CLANG_WARN_OBJC_ROOT_CLASS = YES_ERROR;
				CLANG_WARN_RANGE_LOOP_ANALYSIS = YES;
				CLANG_WARN_STRICT_PROTOTYPES = YES;
				CLANG_WARN_SUSPICIOUS_MOVE = YES;
				CLANG_WARN_UNGUARDED_AVAILABILITY = YES_AGGRESSIVE;
				CLANG_WARN_UNREACHABLE_CODE = YES;
				CLANG_WARN__DUPLICATE_METHOD_MATCH = YES;
				COPY_PHASE_STRIP = NO;
				DEBUG_INFORMATION_FORMAT = "dwarf-with-dsym";
				ENABLE_NS_ASSERTIONS = NO;
				ENABLE_STRICT_OBJC_MSGSEND = YES;
				GCC_C_LANGUAGE_STANDARD = gnu11;
				GCC_NO_COMMON_BLOCKS = YES;
				GCC_WARN_64_TO_32_BIT_CONVERSION = YES;
				GCC_WARN_ABOUT_RETURN_TYPE = YES_ERROR;
				GCC_WARN_UNDECLARED_SELECTOR = YES;
				GCC_WARN_UNINITIALIZED_AUTOS = YES_AGGRESSIVE;
				GCC_WARN_UNUSED_FUNCTION = YES;
				GCC_WARN_UNUSED_VARIABLE = YES;
				IPHONEOS_DEPLOYMENT_TARGET = 13.1;
				MTL_ENABLE_DEBUG_INFO = NO;
				MTL_FAST_MATH = YES;
				SDKROOT = iphoneos;
				SWIFT_COMPILATION_MODE = wholemodule;
				SWIFT_OPTIMIZATION_LEVEL = "-O";
				VALIDATE_PRODUCT = YES;
			};
			name = Release;
		};
		474A03D6234FC31A00F607B0 /* Debug */ = {
			isa = XCBuildConfiguration;
			buildSettings = {
				ASSETCATALOG_COMPILER_APPICON_NAME = AppIcon;
				CODE_SIGN_STYLE = Automatic;
				DEVELOPMENT_TEAM = 39E2K9LU9N;
				INFOPLIST_FILE = "CodingChallenge-500px/Info.plist";
				IPHONEOS_DEPLOYMENT_TARGET = 13.1;
				LD_RUNPATH_SEARCH_PATHS = (
					"$(inherited)",
					"@executable_path/Frameworks",
				);
				PRODUCT_BUNDLE_IDENTIFIER = com.hsuanchihchuang.500px;
				PRODUCT_NAME = "$(TARGET_NAME)";
				SWIFT_VERSION = 4.2;
				TARGETED_DEVICE_FAMILY = "1,2";
			};
			name = Debug;
		};
		474A03D7234FC31A00F607B0 /* Release */ = {
			isa = XCBuildConfiguration;
			buildSettings = {
				ASSETCATALOG_COMPILER_APPICON_NAME = AppIcon;
				CODE_SIGN_STYLE = Automatic;
				DEVELOPMENT_TEAM = 39E2K9LU9N;
				INFOPLIST_FILE = "CodingChallenge-500px/Info.plist";
				IPHONEOS_DEPLOYMENT_TARGET = 13.1;
				LD_RUNPATH_SEARCH_PATHS = (
					"$(inherited)",
					"@executable_path/Frameworks",
				);
				PRODUCT_BUNDLE_IDENTIFIER = com.hsuanchihchuang.500px;
				PRODUCT_NAME = "$(TARGET_NAME)";
				SWIFT_VERSION = 4.2;
				TARGETED_DEVICE_FAMILY = "1,2";
			};
			name = Release;
		};
		474A03D9234FC31A00F607B0 /* Debug */ = {
			isa = XCBuildConfiguration;
			buildSettings = {
				ALWAYS_EMBED_SWIFT_STANDARD_LIBRARIES = YES;
				BUNDLE_LOADER = "$(TEST_HOST)";
				CODE_SIGN_STYLE = Automatic;
				DEVELOPMENT_TEAM = 39E2K9LU9N;
				INFOPLIST_FILE = "CodingChallenge-500pxTests/Info.plist";
				IPHONEOS_DEPLOYMENT_TARGET = 13.1;
				LD_RUNPATH_SEARCH_PATHS = (
					"$(inherited)",
					"@executable_path/Frameworks",
					"@loader_path/Frameworks",
				);
				PRODUCT_BUNDLE_IDENTIFIER = "HsuanChihChuang.CodingChallenge-500pxTests";
				PRODUCT_NAME = "$(TARGET_NAME)";
				SWIFT_VERSION = 5.0;
				TARGETED_DEVICE_FAMILY = "1,2";
				TEST_HOST = "$(BUILT_PRODUCTS_DIR)/CodingChallenge-500px.app/CodingChallenge-500px";
			};
			name = Debug;
		};
		474A03DA234FC31A00F607B0 /* Release */ = {
			isa = XCBuildConfiguration;
			buildSettings = {
				ALWAYS_EMBED_SWIFT_STANDARD_LIBRARIES = YES;
				BUNDLE_LOADER = "$(TEST_HOST)";
				CODE_SIGN_STYLE = Automatic;
				DEVELOPMENT_TEAM = 39E2K9LU9N;
				INFOPLIST_FILE = "CodingChallenge-500pxTests/Info.plist";
				IPHONEOS_DEPLOYMENT_TARGET = 13.1;
				LD_RUNPATH_SEARCH_PATHS = (
					"$(inherited)",
					"@executable_path/Frameworks",
					"@loader_path/Frameworks",
				);
				PRODUCT_BUNDLE_IDENTIFIER = "HsuanChihChuang.CodingChallenge-500pxTests";
				PRODUCT_NAME = "$(TARGET_NAME)";
				SWIFT_VERSION = 5.0;
				TARGETED_DEVICE_FAMILY = "1,2";
				TEST_HOST = "$(BUILT_PRODUCTS_DIR)/CodingChallenge-500px.app/CodingChallenge-500px";
			};
			name = Release;
		};
/* End XCBuildConfiguration section */

/* Begin XCConfigurationList section */
		474A03AE234FC31800F607B0 /* Build configuration list for PBXProject "CodingChallenge-500px" */ = {
			isa = XCConfigurationList;
			buildConfigurations = (
				474A03D3234FC31A00F607B0 /* Debug */,
				474A03D4234FC31A00F607B0 /* Release */,
			);
			defaultConfigurationIsVisible = 0;
			defaultConfigurationName = Release;
		};
		474A03D5234FC31A00F607B0 /* Build configuration list for PBXNativeTarget "CodingChallenge-500px" */ = {
			isa = XCConfigurationList;
			buildConfigurations = (
				474A03D6234FC31A00F607B0 /* Debug */,
				474A03D7234FC31A00F607B0 /* Release */,
			);
			defaultConfigurationIsVisible = 0;
			defaultConfigurationName = Release;
		};
		474A03D8234FC31A00F607B0 /* Build configuration list for PBXNativeTarget "CodingChallenge-500pxTests" */ = {
			isa = XCConfigurationList;
			buildConfigurations = (
				474A03D9234FC31A00F607B0 /* Debug */,
				474A03DA234FC31A00F607B0 /* Release */,
			);
			defaultConfigurationIsVisible = 0;
			defaultConfigurationName = Release;
		};
/* End XCConfigurationList section */

/* Begin XCVersionGroup section */
		474A03BF234FC31800F607B0 /* CodingChallenge_500px.xcdatamodeld */ = {
			isa = XCVersionGroup;
			children = (
				474A03C0234FC31800F607B0 /* CodingChallenge_500px.xcdatamodel */,
			);
			currentVersion = 474A03C0234FC31800F607B0 /* CodingChallenge_500px.xcdatamodel */;
			path = CodingChallenge_500px.xcdatamodeld;
			sourceTree = "<group>";
			versionGroupType = wrapper.xcdatamodel;
		};
/* End XCVersionGroup section */
	};
	rootObject = 474A03AB234FC31800F607B0 /* Project object */;
}
